// !$*UTF8*$!
{
	archiveVersion = 1;
	classes = {
	};
	objectVersion = 55;
	objects = {

/* Begin PBXBuildFile section */
		AC60E7A1278BB55100F4E5FC /* ToDoCustomTableViewCell.swift in Sources */ = {isa = PBXBuildFile; fileRef = AC60E7A0278BB55100F4E5FC /* ToDoCustomTableViewCell.swift */; };
		ACEC21B9278BAA0B00863EA1 /* AppDelegate.swift in Sources */ = {isa = PBXBuildFile; fileRef = ACEC21B8278BAA0B00863EA1 /* AppDelegate.swift */; };
		ACEC21BB278BAA0B00863EA1 /* SceneDelegate.swift in Sources */ = {isa = PBXBuildFile; fileRef = ACEC21BA278BAA0B00863EA1 /* SceneDelegate.swift */; };
		ACEC21BD278BAA0B00863EA1 /* ToDoTableViewController.swift in Sources */ = {isa = PBXBuildFile; fileRef = ACEC21BC278BAA0B00863EA1 /* ToDoTableViewController.swift */; };
		ACEC21C0278BAA0B00863EA1 /* Main.storyboard in Resources */ = {isa = PBXBuildFile; fileRef = ACEC21BE278BAA0B00863EA1 /* Main.storyboard */; };
		ACEC21C3278BAA0B00863EA1 /* TodoListApp.xcdatamodeld in Sources */ = {isa = PBXBuildFile; fileRef = ACEC21C1278BAA0B00863EA1 /* TodoListApp.xcdatamodeld */; };
		ACEC21C5278BAA0E00863EA1 /* Assets.xcassets in Resources */ = {isa = PBXBuildFile; fileRef = ACEC21C4278BAA0E00863EA1 /* Assets.xcassets */; };
		ACEC21C8278BAA0E00863EA1 /* LaunchScreen.storyboard in Resources */ = {isa = PBXBuildFile; fileRef = ACEC21C6278BAA0E00863EA1 /* LaunchScreen.storyboard */; };
		ACEC21D0278BB0DF00863EA1 /* ToDoTableViewDelegate.swift in Sources */ = {isa = PBXBuildFile; fileRef = ACEC21CF278BB0DF00863EA1 /* ToDoTableViewDelegate.swift */; };
		ACEC21D2278BB15C00863EA1 /* AddTaskViewController.swift in Sources */ = {isa = PBXBuildFile; fileRef = ACEC21D1278BB15C00863EA1 /* AddTaskViewController.swift */; };
/* End PBXBuildFile section */

/* Begin PBXFileReference section */
		AC60E7A0278BB55100F4E5FC /* ToDoCustomTableViewCell.swift */ = {isa = PBXFileReference; lastKnownFileType = sourcecode.swift; path = ToDoCustomTableViewCell.swift; sourceTree = "<group>"; };
		ACEC21B5278BAA0B00863EA1 /* TodoListApp.app */ = {isa = PBXFileReference; explicitFileType = wrapper.application; includeInIndex = 0; path = TodoListApp.app; sourceTree = BUILT_PRODUCTS_DIR; };
		ACEC21B8278BAA0B00863EA1 /* AppDelegate.swift */ = {isa = PBXFileReference; lastKnownFileType = sourcecode.swift; path = AppDelegate.swift; sourceTree = "<group>"; };
		ACEC21BA278BAA0B00863EA1 /* SceneDelegate.swift */ = {isa = PBXFileReference; lastKnownFileType = sourcecode.swift; path = SceneDelegate.swift; sourceTree = "<group>"; };
		ACEC21BC278BAA0B00863EA1 /* ToDoTableViewController.swift */ = {isa = PBXFileReference; lastKnownFileType = sourcecode.swift; path = ToDoTableViewController.swift; sourceTree = "<group>"; };
		ACEC21BF278BAA0B00863EA1 /* Base */ = {isa = PBXFileReference; lastKnownFileType = file.storyboard; name = Base; path = Base.lproj/Main.storyboard; sourceTree = "<group>"; };
		ACEC21C2278BAA0B00863EA1 /* TodoListApp.xcdatamodel */ = {isa = PBXFileReference; lastKnownFileType = wrapper.xcdatamodel; path = TodoListApp.xcdatamodel; sourceTree = "<group>"; };
		ACEC21C4278BAA0E00863EA1 /* Assets.xcassets */ = {isa = PBXFileReference; lastKnownFileType = folder.assetcatalog; path = Assets.xcassets; sourceTree = "<group>"; };
		ACEC21C7278BAA0E00863EA1 /* Base */ = {isa = PBXFileReference; lastKnownFileType = file.storyboard; name = Base; path = Base.lproj/LaunchScreen.storyboard; sourceTree = "<group>"; };
		ACEC21C9278BAA0E00863EA1 /* Info.plist */ = {isa = PBXFileReference; lastKnownFileType = text.plist.xml; path = Info.plist; sourceTree = "<group>"; };
		ACEC21CF278BB0DF00863EA1 /* ToDoTableViewDelegate.swift */ = {isa = PBXFileReference; lastKnownFileType = sourcecode.swift; path = ToDoTableViewDelegate.swift; sourceTree = "<group>"; };
		ACEC21D1278BB15C00863EA1 /* AddTaskViewController.swift */ = {isa = PBXFileReference; lastKnownFileType = sourcecode.swift; path = AddTaskViewController.swift; sourceTree = "<group>"; };
/* End PBXFileReference section */

/* Begin PBXFrameworksBuildPhase section */
		ACEC21B2278BAA0B00863EA1 /* Frameworks */ = {
			isa = PBXFrameworksBuildPhase;
			buildActionMask = 2147483647;
			files = (
			);
			runOnlyForDeploymentPostprocessing = 0;
		};
/* End PBXFrameworksBuildPhase section */

/* Begin PBXGroup section */
		ACEC21AC278BAA0B00863EA1 = {
			isa = PBXGroup;
			children = (
				ACEC21B7278BAA0B00863EA1 /* TodoListApp */,
				ACEC21B6278BAA0B00863EA1 /* Products */,
			);
			sourceTree = "<group>";
		};
		ACEC21B6278BAA0B00863EA1 /* Products */ = {
			isa = PBXGroup;
			children = (
				ACEC21B5278BAA0B00863EA1 /* TodoListApp.app */,
			);
			name = Products;
			sourceTree = "<group>";
		};
		ACEC21B7278BAA0B00863EA1 /* TodoListApp */ = {
			isa = PBXGroup;
			children = (
				ACEC21B8278BAA0B00863EA1 /* AppDelegate.swift */,
				ACEC21BA278BAA0B00863EA1 /* SceneDelegate.swift */,
				ACEC21BC278BAA0B00863EA1 /* ToDoTableViewController.swift */,
				AC60E7A0278BB55100F4E5FC /* ToDoCustomTableViewCell.swift */,
				ACEC21BE278BAA0B00863EA1 /* Main.storyboard */,
				ACEC21CF278BB0DF00863EA1 /* ToDoTableViewDelegate.swift */,
				ACEC21D1278BB15C00863EA1 /* AddTaskViewController.swift */,
				ACEC21C4278BAA0E00863EA1 /* Assets.xcassets */,
				ACEC21C6278BAA0E00863EA1 /* LaunchScreen.storyboard */,
				ACEC21C9278BAA0E00863EA1 /* Info.plist */,
				ACEC21C1278BAA0B00863EA1 /* TodoListApp.xcdatamodeld */,
			);
			path = TodoListApp;
			sourceTree = "<group>";
		};
/* End PBXGroup section */

/* Begin PBXNativeTarget section */
		ACEC21B4278BAA0B00863EA1 /* TodoListApp */ = {
			isa = PBXNativeTarget;
			buildConfigurationList = ACEC21CC278BAA0E00863EA1 /* Build configuration list for PBXNativeTarget "TodoListApp" */;
			buildPhases = (
				ACEC21B1278BAA0B00863EA1 /* Sources */,
				ACEC21B2278BAA0B00863EA1 /* Frameworks */,
				ACEC21B3278BAA0B00863EA1 /* Resources */,
			);
			buildRules = (
			);
			dependencies = (
			);
			name = TodoListApp;
			productName = TodoListApp;
			productReference = ACEC21B5278BAA0B00863EA1 /* TodoListApp.app */;
			productType = "com.apple.product-type.application";
		};
/* End PBXNativeTarget section */

/* Begin PBXProject section */
		ACEC21AD278BAA0B00863EA1 /* Project object */ = {
			isa = PBXProject;
			attributes = {
				BuildIndependentTargetsInParallel = 1;
				LastSwiftUpdateCheck = 1310;
				LastUpgradeCheck = 1310;
				TargetAttributes = {
					ACEC21B4278BAA0B00863EA1 = {
						CreatedOnToolsVersion = 13.1;
					};
				};
			};
			buildConfigurationList = ACEC21B0278BAA0B00863EA1 /* Build configuration list for PBXProject "TodoListApp" */;
			compatibilityVersion = "Xcode 13.0";
			developmentRegion = en;
			hasScannedForEncodings = 0;
			knownRegions = (
				en,
				Base,
			);
			mainGroup = ACEC21AC278BAA0B00863EA1;
			productRefGroup = ACEC21B6278BAA0B00863EA1 /* Products */;
			projectDirPath = "";
			projectRoot = "";
			targets = (
				ACEC21B4278BAA0B00863EA1 /* TodoListApp */,
			);
		};
/* End PBXProject section */

/* Begin PBXResourcesBuildPhase section */
		ACEC21B3278BAA0B00863EA1 /* Resources */ = {
			isa = PBXResourcesBuildPhase;
			buildActionMask = 2147483647;
			files = (
				ACEC21C8278BAA0E00863EA1 /* LaunchScreen.storyboard in Resources */,
				ACEC21C5278BAA0E00863EA1 /* Assets.xcassets in Resources */,
				ACEC21C0278BAA0B00863EA1 /* Main.storyboard in Resources */,
			);
			runOnlyForDeploymentPostprocessing = 0;
		};
/* End PBXResourcesBuildPhase section */

/* Begin PBXSourcesBuildPhase section */
		ACEC21B1278BAA0B00863EA1 /* Sources */ = {
			isa = PBXSourcesBuildPhase;
			buildActionMask = 2147483647;
			files = (
				ACEC21D0278BB0DF00863EA1 /* ToDoTableViewDelegate.swift in Sources */,
				ACEC21D2278BB15C00863EA1 /* AddTaskViewController.swift in Sources */,
				ACEC21BD278BAA0B00863EA1 /* ToDoTableViewController.swift in Sources */,
				AC60E7A1278BB55100F4E5FC /* ToDoCustomTableViewCell.swift in Sources */,
				ACEC21B9278BAA0B00863EA1 /* AppDelegate.swift in Sources */,
				ACEC21BB278BAA0B00863EA1 /* SceneDelegate.swift in Sources */,
				ACEC21C3278BAA0B00863EA1 /* TodoListApp.xcdatamodeld in Sources */,
			);
			runOnlyForDeploymentPostprocessing = 0;
		};
/* End PBXSourcesBuildPhase section */

/* Begin PBXVariantGroup section */
		ACEC21BE278BAA0B00863EA1 /* Main.storyboard */ = {
			isa = PBXVariantGroup;
			children = (
				ACEC21BF278BAA0B00863EA1 /* Base */,
			);
			name = Main.storyboard;
			sourceTree = "<group>";
		};
		ACEC21C6278BAA0E00863EA1 /* LaunchScreen.storyboard */ = {
			isa = PBXVariantGroup;
			children = (
				ACEC21C7278BAA0E00863EA1 /* Base */,
			);
			name = LaunchScreen.storyboard;
			sourceTree = "<group>";
		};
/* End PBXVariantGroup section */

/* Begin XCBuildConfiguration section */
		ACEC21CA278BAA0E00863EA1 /* Debug */ = {
			isa = XCBuildConfiguration;
			buildSettings = {
				ALWAYS_SEARCH_USER_PATHS = NO;
				CLANG_ANALYZER_NONNULL = YES;
				CLANG_ANALYZER_NUMBER_OBJECT_CONVERSION = YES_AGGRESSIVE;
				CLANG_CXX_LANGUAGE_STANDARD = "gnu++17";
				CLANG_CXX_LIBRARY = "libc++";
				CLANG_ENABLE_MODULES = YES;
				CLANG_ENABLE_OBJC_ARC = YES;
				CLANG_ENABLE_OBJC_WEAK = YES;
				CLANG_WARN_BLOCK_CAPTURE_AUTORELEASING = YES;
				CLANG_WARN_BOOL_CONVERSION = YES;
				CLANG_WARN_COMMA = YES;
				CLANG_WARN_CONSTANT_CONVERSION = YES;
				CLANG_WARN_DEPRECATED_OBJC_IMPLEMENTATIONS = YES;
				CLANG_WARN_DIRECT_OBJC_ISA_USAGE = YES_ERROR;
				CLANG_WARN_DOCUMENTATION_COMMENTS = YES;
				CLANG_WARN_EMPTY_BODY = YES;
				CLANG_WARN_ENUM_CONVERSION = YES;
				CLANG_WARN_INFINITE_RECURSION = YES;
				CLANG_WARN_INT_CONVERSION = YES;
				CLANG_WARN_NON_LITERAL_NULL_CONVERSION = YES;
				CLANG_WARN_OBJC_IMPLICIT_RETAIN_SELF = YES;
				CLANG_WARN_OBJC_LITERAL_CONVERSION = YES;
				CLANG_WARN_OBJC_ROOT_CLASS = YES_ERROR;
				CLANG_WARN_QUOTED_INCLUDE_IN_FRAMEWORK_HEADER = YES;
				CLANG_WARN_RANGE_LOOP_ANALYSIS = YES;
				CLANG_WARN_STRICT_PROTOTYPES = YES;
				CLANG_WARN_SUSPICIOUS_MOVE = YES;
				CLANG_WARN_UNGUARDED_AVAILABILITY = YES_AGGRESSIVE;
				CLANG_WARN_UNREACHABLE_CODE = YES;
				CLANG_WARN__DUPLICATE_METHOD_MATCH = YES;
				COPY_PHASE_STRIP = NO;
				DEBUG_INFORMATION_FORMAT = dwarf;
				ENABLE_STRICT_OBJC_MSGSEND = YES;
				ENABLE_TESTABILITY = YES;
				GCC_C_LANGUAGE_STANDARD = gnu11;
				GCC_DYNAMIC_NO_PIC = NO;
				GCC_NO_COMMON_BLOCKS = YES;
				GCC_OPTIMIZATION_LEVEL = 0;
				GCC_PREPROCESSOR_DEFINITIONS = (
					"DEBUG=1",
					"$(inherited)",
				);
				GCC_WARN_64_TO_32_BIT_CONVERSION = YES;
				GCC_WARN_ABOUT_RETURN_TYPE = YES_ERROR;
				GCC_WARN_UNDECLARED_SELECTOR = YES;
				GCC_WARN_UNINITIALIZED_AUTOS = YES_AGGRESSIVE;
				GCC_WARN_UNUSED_FUNCTION = YES;
				GCC_WARN_UNUSED_VARIABLE = YES;
				IPHONEOS_DEPLOYMENT_TARGET = 15.0;
				MTL_ENABLE_DEBUG_INFO = INCLUDE_SOURCE;
				MTL_FAST_MATH = YES;
				ONLY_ACTIVE_ARCH = YES;
				SDKROOT = iphoneos;
				SWIFT_ACTIVE_COMPILATION_CONDITIONS = DEBUG;
				SWIFT_OPTIMIZATION_LEVEL = "-Onone";
			};
			name = Debug;
		};
		ACEC21CB278BAA0E00863EA1 /* Release */ = {
			isa = XCBuildConfiguration;
			buildSettings = {
				ALWAYS_SEARCH_USER_PATHS = NO;
				CLANG_ANALYZER_NONNULL = YES;
				CLANG_ANALYZER_NUMBER_OBJECT_CONVERSION = YES_AGGRESSIVE;
				CLANG_CXX_LANGUAGE_STANDARD = "gnu++17";
				CLANG_CXX_LIBRARY = "libc++";
				CLANG_ENABLE_MODULES = YES;
				CLANG_ENABLE_OBJC_ARC = YES;
				CLANG_ENABLE_OBJC_WEAK = YES;
				CLANG_WARN_BLOCK_CAPTURE_AUTORELEASING = YES;
				CLANG_WARN_BOOL_CONVERSION = YES;
				CLANG_WARN_COMMA = YES;
				CLANG_WARN_CONSTANT_CONVERSION = YES;
				CLANG_WARN_DEPRECATED_OBJC_IMPLEMENTATIONS = YES;
				CLANG_WARN_DIRECT_OBJC_ISA_USAGE = YES_ERROR;
				CLANG_WARN_DOCUMENTATION_COMMENTS = YES;
				CLANG_WARN_EMPTY_BODY = YES;
				CLANG_WARN_ENUM_CONVERSION = YES;
				CLANG_WARN_INFINITE_RECURSION = YES;
				CLANG_WARN_INT_CONVERSION = YES;
				CLANG_WARN_NON_LITERAL_NULL_CONVERSION = YES;
				CLANG_WARN_OBJC_IMPLICIT_RETAIN_SELF = YES;
				CLANG_WARN_OBJC_LITERAL_CONVERSION = YES;
				CLANG_WARN_OBJC_ROOT_CLASS = YES_ERROR;
				CLANG_WARN_QUOTED_INCLUDE_IN_FRAMEWORK_HEADER = YES;
				CLANG_WARN_RANGE_LOOP_ANALYSIS = YES;
				CLANG_WARN_STRICT_PROTOTYPES = YES;
				CLANG_WARN_SUSPICIOUS_MOVE = YES;
				CLANG_WARN_UNGUARDED_AVAILABILITY = YES_AGGRESSIVE;
				CLANG_WARN_UNREACHABLE_CODE = YES;
				CLANG_WARN__DUPLICATE_METHOD_MATCH = YES;
				COPY_PHASE_STRIP = NO;
				DEBUG_INFORMATION_FORMAT = "dwarf-with-dsym";
				ENABLE_NS_ASSERTIONS = NO;
				ENABLE_STRICT_OBJC_MSGSEND = YES;
				GCC_C_LANGUAGE_STANDARD = gnu11;
				GCC_NO_COMMON_BLOCKS = YES;
				GCC_WARN_64_TO_32_BIT_CONVERSION = YES;
				GCC_WARN_ABOUT_RETURN_TYPE = YES_ERROR;
				GCC_WARN_UNDECLARED_SELECTOR = YES;
				GCC_WARN_UNINITIALIZED_AUTOS = YES_AGGRESSIVE;
				GCC_WARN_UNUSED_FUNCTION = YES;
				GCC_WARN_UNUSED_VARIABLE = YES;
				IPHONEOS_DEPLOYMENT_TARGET = 15.0;
				MTL_ENABLE_DEBUG_INFO = NO;
				MTL_FAST_MATH = YES;
				SDKROOT = iphoneos;
				SWIFT_COMPILATION_MODE = wholemodule;
				SWIFT_OPTIMIZATION_LEVEL = "-O";
				VALIDATE_PRODUCT = YES;
			};
			name = Release;
		};
		ACEC21CD278BAA0E00863EA1 /* Debug */ = {
			isa = XCBuildConfiguration;
			buildSettings = {
				ASSETCATALOG_COMPILER_APPICON_NAME = AppIcon;
				ASSETCATALOG_COMPILER_GLOBAL_ACCENT_COLOR_NAME = AccentColor;
				CODE_SIGN_STYLE = Automatic;
				CURRENT_PROJECT_VERSION = 1;
				GENERATE_INFOPLIST_FILE = YES;
				INFOPLIST_FILE = TodoListApp/Info.plist;
				INFOPLIST_KEY_UIApplicationSupportsIndirectInputEvents = YES;
				INFOPLIST_KEY_UILaunchStoryboardName = LaunchScreen;
				INFOPLIST_KEY_UIMainStoryboardFile = Main;
				INFOPLIST_KEY_UISupportedInterfaceOrientations_iPad = "UIInterfaceOrientationPortrait UIInterfaceOrientationPortraitUpsideDown UIInterfaceOrientationLandscapeLeft UIInterfaceOrientationLandscapeRight";
				INFOPLIST_KEY_UISupportedInterfaceOrientations_iPhone = "UIInterfaceOrientationPortrait UIInterfaceOrientationLandscapeLeft UIInterfaceOrientationLandscapeRight";
				LD_RUNPATH_SEARCH_PATHS = (
					"$(inherited)",
					"@executable_path/Frameworks",
				);
				MARKETING_VERSION = 1.0;
				PRODUCT_BUNDLE_IDENTIFIER = com.najla.TodoListApp;
				PRODUCT_NAME = "$(TARGET_NAME)";
				SWIFT_EMIT_LOC_STRINGS = YES;
				SWIFT_VERSION = 5.0;
				TARGETED_DEVICE_FAMILY = "1,2";
			};
			name = Debug;
		};
		ACEC21CE278BAA0E00863EA1 /* Release */ = {
			isa = XCBuildConfiguration;
			buildSettings = {
				ASSETCATALOG_COMPILER_APPICON_NAME = AppIcon;
				ASSETCATALOG_COMPILER_GLOBAL_ACCENT_COLOR_NAME = AccentColor;
				CODE_SIGN_STYLE = Automatic;
				CURRENT_PROJECT_VERSION = 1;
				GENERATE_INFOPLIST_FILE = YES;
				INFOPLIST_FILE = TodoListApp/Info.plist;
				INFOPLIST_KEY_UIApplicationSupportsIndirectInputEvents = YES;
				INFOPLIST_KEY_UILaunchStoryboardName = LaunchScreen;
				INFOPLIST_KEY_UIMainStoryboardFile = Main;
				INFOPLIST_KEY_UISupportedInterfaceOrientations_iPad = "UIInterfaceOrientationPortrait UIInterfaceOrientationPortraitUpsideDown UIInterfaceOrientationLandscapeLeft UIInterfaceOrientationLandscapeRight";
				INFOPLIST_KEY_UISupportedInterfaceOrientations_iPhone = "UIInterfaceOrientationPortrait UIInterfaceOrientationLandscapeLeft UIInterfaceOrientationLandscapeRight";
				LD_RUNPATH_SEARCH_PATHS = (
					"$(inherited)",
					"@executable_path/Frameworks",
				);
				MARKETING_VERSION = 1.0;
				PRODUCT_BUNDLE_IDENTIFIER = com.najla.TodoListApp;
				PRODUCT_NAME = "$(TARGET_NAME)";
				SWIFT_EMIT_LOC_STRINGS = YES;
				SWIFT_VERSION = 5.0;
				TARGETED_DEVICE_FAMILY = "1,2";
			};
			name = Release;
		};
/* End XCBuildConfiguration section */

/* Begin XCConfigurationList section */
		ACEC21B0278BAA0B00863EA1 /* Build configuration list for PBXProject "TodoListApp" */ = {
			isa = XCConfigurationList;
			buildConfigurations = (
				ACEC21CA278BAA0E00863EA1 /* Debug */,
				ACEC21CB278BAA0E00863EA1 /* Release */,
			);
			defaultConfigurationIsVisible = 0;
			defaultConfigurationName = Release;
		};
		ACEC21CC278BAA0E00863EA1 /* Build configuration list for PBXNativeTarget "TodoListApp" */ = {
			isa = XCConfigurationList;
			buildConfigurations = (
				ACEC21CD278BAA0E00863EA1 /* Debug */,
				ACEC21CE278BAA0E00863EA1 /* Release */,
			);
			defaultConfigurationIsVisible = 0;
			defaultConfigurationName = Release;
		};
/* End XCConfigurationList section */

/* Begin XCVersionGroup section */
		ACEC21C1278BAA0B00863EA1 /* TodoListApp.xcdatamodeld */ = {
			isa = XCVersionGroup;
			children = (
				ACEC21C2278BAA0B00863EA1 /* TodoListApp.xcdatamodel */,
			);
			currentVersion = ACEC21C2278BAA0B00863EA1 /* TodoListApp.xcdatamodel */;
			path = TodoListApp.xcdatamodeld;
			sourceTree = "<group>";
			versionGroupType = wrapper.xcdatamodel;
		};
/* End XCVersionGroup section */
	};
	rootObject = ACEC21AD278BAA0B00863EA1 /* Project object */;
}
